
Microsoft Visual Studio Solution File, Format Version 12.00
# Visual Studio Version 17
VisualStudioVersion = 17.7.34018.315
MinimumVisualStudioVersion = 10.0.40219.1
Project("{FAE04EC0-301F-11D3-BF4B-00C04F79EFBC}") = "JACE", "JACE.csproj", "{813B78E5-EF27-4A54-8EB4-9F62574E6F2C}"
EndProject
Global
	GlobalSection(SolutionConfigurationPlatforms) = preSolution
		Debug|Any CPU = Debug|Any CPU
		Release|Any CPU = Release|Any CPU
	EndGlobalSection
	GlobalSection(ProjectConfigurationPlatforms) = postSolution
		{813B78E5-EF27-4A54-8EB4-9F62574E6F2C}.Debug|Any CPU.ActiveCfg = Debug|Any CPU
		{813B78E5-EF27-4A54-8EB4-9F62574E6F2C}.Debug|Any CPU.Build.0 = Debug|Any CPU
		{813B78E5-EF27-4A54-8EB4-9F62574E6F2C}.Release|Any CPU.ActiveCfg = Release|Any CPU
		{813B78E5-EF27-4A54-8EB4-9F62574E6F2C}.Release|Any CPU.Build.0 = Release|Any CPU
	EndGlobalSection
	GlobalSection(SolutionProperties) = preSolution
		HideSolutionNode = FALSE
	EndGlobalSection
	GlobalSection(ExtensibilityGlobals) = postSolution
		SolutionGuid = {83517BB9-BD49-4CB6-860C-C27D737D7654}
	EndGlobalSection
EndGlobal
